
Microsoft Visual Studio Solution File, Format Version 12.00
# Visual Studio Version 17
VisualStudioVersion = 17.14.36121.58 d17.14
MinimumVisualStudioVersion = 10.0.40219.1
Project("{FAE04EC0-301F-11D3-BF4B-00C04F79EFBC}") = "ConsoleAppAula1", "ConsoleAppAula1\ConsoleAppAula1.csproj", "{DEADA4B0-4446-4507-AAC6-1EC514C9113F}"
EndProject
Global
	GlobalSection(SolutionConfigurationPlatforms) = preSolution
		Debug|Any CPU = Debug|Any CPU
		Release|Any CPU = Release|Any CPU
	EndGlobalSection
	GlobalSection(ProjectConfigurationPlatforms) = postSolution
		{DEADA4B0-4446-4507-AAC6-1EC514C9113F}.Debug|Any CPU.ActiveCfg = Debug|Any CPU
		{DEADA4B0-4446-4507-AAC6-1EC514C9113F}.Debug|Any CPU.Build.0 = Debug|Any CPU
		{DEADA4B0-4446-4507-AAC6-1EC514C9113F}.Release|Any CPU.ActiveCfg = Release|Any CPU
		{DEADA4B0-4446-4507-AAC6-1EC514C9113F}.Release|Any CPU.Build.0 = Release|Any CPU
	EndGlobalSection
	GlobalSection(SolutionProperties) = preSolution
		HideSolutionNode = FALSE
	EndGlobalSection
	GlobalSection(ExtensibilityGlobals) = postSolution
		SolutionGuid = {32AD8D9C-3CFB-449D-87B3-08FF97526293}
	EndGlobalSection
EndGlobal
